{
    "_readme": [
        "This file locks the dependencies of your project to a known state",
        "Read more about it at https://getcomposer.org/doc/01-basic-usage.md#composer-lock-the-lock-file",
        "This file is @generated automatically"
    ],
    "content-hash": "8cb83af2e874127e5c5aa61a056ea9f1",
    "packages": [
        {
            "name": "adldap/adldap",
            "version": "5.0.0.x-dev",
            "source": {
                "type": "git",
                "url": "https://github.com/adldap/adLDAP.git",
                "reference": "b814cd5ab63c10519a8758702e067543a5549bcf"
            },
            "dist": {
                "type": "zip",
                "url": "https://api.github.com/repos/adldap/adLDAP/zipball/b814cd5ab63c10519a8758702e067543a5549bcf",
                "reference": "b814cd5ab63c10519a8758702e067543a5549bcf",
                "shasum": ""
            },
            "require": {
                "ext-ldap": "*",
                "php": ">=5.4.0"
            },
            "require-dev": {
                "mockery/mockery": "0.9.*",
                "phpunit/phpunit": "4.6.*"
            },
            "type": "library",
            "autoload": {
                "psr-4": {
                    "Adldap\\": "src/"
                }
            },
            "notification-url": "https://packagist.org/downloads/",
            "license": [
                "LGPL-2.1"
            ],
            "authors": [
                {
                    "name": "Scott Barnett",
                    "email": "scott@wiggumworld.com",
                    "role": "Developer"
                },
                {
                    "name": "Richard Hyland",
                    "email": "adldap@richardhyland.com",
                    "role": "Developer"
                },
                {
                    "name": "Steve Bauman",
                    "email": "steven_bauman@outlook.com",
                    "role": "Developer"
                }
            ],
            "description": "A PHP LDAP Library for Active Directory Manipulation",
            "keywords": [
                "active directory",
                "ldap",
                "windows"
            ],
            "time": "2015-06-16T12:32:39+00:00"
        },
        {
            "name": "codeigniter/framework",
            "version": "3.1.9",
            "source": {
                "type": "git",
                "url": "https://github.com/bcit-ci/CodeIgniter.git",
                "reference": "30e2eafa86c4c7b6b39cea3e7089a90df9f603fb"
            },
            "dist": {
                "type": "zip",
                "url": "https://api.github.com/repos/bcit-ci/CodeIgniter/zipball/30e2eafa86c4c7b6b39cea3e7089a90df9f603fb",
                "reference": "30e2eafa86c4c7b6b39cea3e7089a90df9f603fb",
                "shasum": ""
            },
            "require": {
                "php": ">=5.3.7"
            },
            "require-dev": {
                "mikey179/vfsstream": "1.1.*",
                "phpunit/phpunit": "4.* || 5.*"
            },
            "suggest": {
                "paragonie/random_compat": "Provides better randomness in PHP 5.x"
            },
            "type": "project",
            "notification-url": "https://packagist.org/downloads/",
            "license": [
                "MIT"
            ],
            "description": "The CodeIgniter framework",
            "homepage": "https://codeigniter.com",
            "time": "2018-06-12T13:45:46+00:00"
        },
        {
            "name": "mmucklo/krumo",
            "version": "dev-master",
            "source": {
                "type": "git",
                "url": "https://github.com/mmucklo/krumo.git",
                "reference": "d5a8d2cf9c647d3fbd22b76e39dfe13b4dc67be8"
            },
            "dist": {
                "type": "zip",
                "url": "https://api.github.com/repos/mmucklo/krumo/zipball/d5a8d2cf9c647d3fbd22b76e39dfe13b4dc67be8",
                "reference": "d5a8d2cf9c647d3fbd22b76e39dfe13b4dc67be8",
                "shasum": ""
            },
            "require": {
                "php": ">=5.2.17"
            },
            "require-dev": {
                "fabpot/php-cs-fixer": "dev-master",
                "phpmd/phpmd": "dev-master"
            },
            "type": "library",
            "autoload": {
                "files": [
                    "class.krumo.php"
                ]
            },
            "notification-url": "https://packagist.org/downloads/",
            "license": [
                "LGPL"
            ],
            "authors": [
                {
                    "name": "Kaloyan K. Tsvetkov",
                    "email": "kaloyan@kaloyan.info"
                },
                {
                    "name": "Stefan Thomas",
                    "email": "moon@justmoon.de"
                },
                {
                    "name": "Matthew J. Mucklo",
                    "email": "mmucklo@gmail.com"
                },
                {
                    "name": "Scott Baker",
                    "email": "scott@perturb.org"
                }
            ],
            "description": "KRUMO - version 2.0 of print_r(); and var_dump(); (with new updates)",
            "keywords": [
                "debug",
                "debugging",
                "krumo",
                "pretty",
                "print",
                "print_r",
                "var_dump"
            ],
            "time": "2018-03-23T13:05:38+00:00"
        },
        {
            "name": "zordius/lightncandy",
            "version": "dev-master",
            "source": {
                "type": "git",
                "url": "https://github.com/zordius/lightncandy.git",
                "reference": "0301a34501819af7f04adbed524b3fdc9061d8fe"
            },
            "dist": {
                "type": "zip",
                "url": "https://api.github.com/repos/zordius/lightncandy/zipball/0301a34501819af7f04adbed524b3fdc9061d8fe",
                "reference": "0301a34501819af7f04adbed524b3fdc9061d8fe",
                "shasum": ""
            },
            "require": {
                "php": ">=5.4.0"
            },
            "require-dev": {
                "phpunit/phpunit": "4.8.35"
            },
            "type": "library",
            "extra": {
                "branch-alias": {
                    "dev-master": "1.2.3-dev"
                }
            },
            "autoload": {
                "psr-4": {
                    "LightnCandy\\": "src"
                }
            },
            "notification-url": "https://packagist.org/downloads/",
            "license": [
                "MIT"
            ],
            "authors": [
                {
                    "name": "Zordius Chen",
                    "email": "zordius@gmail.com"
                }
            ],
            "description": "An extremely fast PHP implementation of handlebars ( http://handlebarsjs.com/ ) and mustache ( http://mustache.github.io/ ).",
            "homepage": "https://github.com/zordius/lightncandy",
            "keywords": [
                "handlebars",
                "logicless",
                "mustache",
                "php",
                "template"
            ],
            "time": "2018-03-23T09:14:34+00:00"
        }
    ],
    "packages-dev": [],
    "aliases": [],
    "minimum-stability": "dev",
    "stability-flags": {
        "zordius/lightncandy": 20
    },
    "prefer-stable": false,
    "prefer-lowest": false,
    "platform": [],
    "platform-dev": []
}
